
Microsoft Visual Studio Solution File, Format Version 12.00
# Visual Studio Version 17
VisualStudioVersion = 17.9.34622.214
MinimumVisualStudioVersion = 10.0.40219.1
Project("{FAE04EC0-301F-11D3-BF4B-00C04F79EFBC}") = "WEBAPP", "WEBAPP\WEBAPP.csproj", "{5527357E-3AFA-4A52-8897-AE73520EEA0E}"
EndProject
Global
	GlobalSection(SolutionConfigurationPlatforms) = preSolution
		Debug|Any CPU = Debug|Any CPU
		Release|Any CPU = Release|Any CPU
	EndGlobalSection
	GlobalSection(ProjectConfigurationPlatforms) = postSolution
		{5527357E-3AFA-4A52-8897-AE73520EEA0E}.Debug|Any CPU.ActiveCfg = Debug|Any CPU
		{5527357E-3AFA-4A52-8897-AE73520EEA0E}.Debug|Any CPU.Build.0 = Debug|Any CPU
		{5527357E-3AFA-4A52-8897-AE73520EEA0E}.Release|Any CPU.ActiveCfg = Release|Any CPU
		{5527357E-3AFA-4A52-8897-AE73520EEA0E}.Release|Any CPU.Build.0 = Release|Any CPU
	EndGlobalSection
	GlobalSection(SolutionProperties) = preSolution
		HideSolutionNode = FALSE
	EndGlobalSection
	GlobalSection(ExtensibilityGlobals) = postSolution
		SolutionGuid = {D69C6FD2-3A44-4993-9909-92535D5763CE}
	EndGlobalSection
EndGlobal
